
Microsoft Visual Studio Solution File, Format Version 12.00
# Visual Studio Version 17
VisualStudioVersion = 17.0.32112.339
MinimumVisualStudioVersion = 10.0.40219.1
Project("{8BC9CEB8-8B4A-11D0-8D11-00A0C91BC942}") = "mines", "mines\mines.vcxproj", "{3BF829E9-EF97-428D-A48D-742F15319984}"
EndProject
Global
	GlobalSection(SolutionConfigurationPlatforms) = preSolution
		Debug|x64 = Debug|x64
		Debug|x86 = Debug|x86
		Release|x64 = Release|x64
		Release|x86 = Release|x86
	EndGlobalSection
	GlobalSection(ProjectConfigurationPlatforms) = postSolution
		{3BF829E9-EF97-428D-A48D-742F15319984}.Debug|x64.ActiveCfg = Debug|x64
		{3BF829E9-EF97-428D-A48D-742F15319984}.Debug|x64.Build.0 = Debug|x64
		{3BF829E9-EF97-428D-A48D-742F15319984}.Debug|x86.ActiveCfg = Debug|Win32
		{3BF829E9-EF97-428D-A48D-742F15319984}.Debug|x86.Build.0 = Debug|Win32
		{3BF829E9-EF97-428D-A48D-742F15319984}.Release|x64.ActiveCfg = Release|x64
		{3BF829E9-EF97-428D-A48D-742F15319984}.Release|x64.Build.0 = Release|x64
		{3BF829E9-EF97-428D-A48D-742F15319984}.Release|x86.ActiveCfg = Release|Win32
		{3BF829E9-EF97-428D-A48D-742F15319984}.Release|x86.Build.0 = Release|Win32
	EndGlobalSection
	GlobalSection(SolutionProperties) = preSolution
		HideSolutionNode = FALSE
	EndGlobalSection
	GlobalSection(ExtensibilityGlobals) = postSolution
		SolutionGuid = {EE158760-3BC7-4CDD-8F1F-F9AB414E43BA}
	EndGlobalSection
EndGlobal
